{
  "name": "studyplan_npm",
  "version": "1.0.0",
  "lockfileVersion": 1,
  "requires": true,
  "dependencies": {
    "@vant/weapp": {
      "version": "1.5.0",
      "resolved": "https://registry.npmjs.org/@vant/weapp/-/weapp-1.5.0.tgz",
      "integrity": "sha512-4hBH8U3/GQID+N1fV0m4dTbVR0R0iN06Zr2Xd9XFI2MvYXqtAWCrPkJ5umLxFF1MpZjlS/20V50MsGICgwZBug=="
    },
    "wechat-miniprogram-dialog": {
      "version": "1.0.2",
      "resolved": "https://registry.npmjs.org/wechat-miniprogram-dialog/-/wechat-miniprogram-dialog-1.0.2.tgz",
      "integrity": "sha512-TQJLO7CgcaK+nu053P+eIotnG6CVnNScHa2OZJpBBFNxcaKxI1yqHib0l7HYfmnL7dYPTuP6D8XoYgzosZshJg=="
    }
  }
}
